
Microsoft Visual Studio Solution File, Format Version 12.00
# Visual Studio Version 16
VisualStudioVersion = 16.0.30204.135
MinimumVisualStudioVersion = 10.0.40219.1
Project("{FAE04EC0-301F-11D3-BF4B-00C04F79EFBC}") = "DMFDSteamSaveTool", "DMFDSteamSaveTool\DMFDSteamSaveTool.csproj", "{98256793-1B64-48C3-9383-E56258DBF5AD}"
EndProject
Global
	GlobalSection(SolutionConfigurationPlatforms) = preSolution
		Debug|Any CPU = Debug|Any CPU
		Release|Any CPU = Release|Any CPU
	EndGlobalSection
	GlobalSection(ProjectConfigurationPlatforms) = postSolution
		{98256793-1B64-48C3-9383-E56258DBF5AD}.Debug|Any CPU.ActiveCfg = Debug|Any CPU
		{98256793-1B64-48C3-9383-E56258DBF5AD}.Debug|Any CPU.Build.0 = Debug|Any CPU
		{98256793-1B64-48C3-9383-E56258DBF5AD}.Release|Any CPU.ActiveCfg = Release|Any CPU
		{98256793-1B64-48C3-9383-E56258DBF5AD}.Release|Any CPU.Build.0 = Release|Any CPU
	EndGlobalSection
	GlobalSection(SolutionProperties) = preSolution
		HideSolutionNode = FALSE
	EndGlobalSection
	GlobalSection(ExtensibilityGlobals) = postSolution
		SolutionGuid = {B9FF8270-9F24-4350-8898-E8868F23F8CB}
	EndGlobalSection
EndGlobal
